// !$*UTF8*$!
{
	archiveVersion = 1;
	classes = {
	};
	objectVersion = 46;
	objects = {

/* Begin PBXBuildFile section */
		631497B51B25859D0068A0FF /* AppDelegate.m in Sources */ = {isa = PBXBuildFile; fileRef = 631497B41B25859D0068A0FF /* AppDelegate.m */; };
		631497B81B2585AE0068A0FF /* GameScene.m in Sources */ = {isa = PBXBuildFile; fileRef = 631497B71B2585AE0068A0FF /* GameScene.m */; };
		631497BB1B2585BC0068A0FF /* GameViewController.m in Sources */ = {isa = PBXBuildFile; fileRef = 631497BA1B2585BC0068A0FF /* GameViewController.m */; };
		631497BD1B2586390068A0FF /* main.m in Sources */ = {isa = PBXBuildFile; fileRef = 631497BC1B2586390068A0FF /* main.m */; };
		63289F5C1B43D7D000B46457 /* MyParticle.sks in Resources */ = {isa = PBXBuildFile; fileRef = 63289F5A1B43D7D000B46457 /* MyParticle.sks */; };
		63289F5D1B43D7D000B46457 /* spark.png in Resources */ = {isa = PBXBuildFile; fileRef = 63289F5B1B43D7D000B46457 /* spark.png */; };
		63298C011B465C7A00578911 /* SpaceDebrisTests.m in Sources */ = {isa = PBXBuildFile; fileRef = 63298C001B465C7A00578911 /* SpaceDebrisTests.m */; };
		633A76521B5DFFF000C15C3C /* AGSpriteButton.m in Sources */ = {isa = PBXBuildFile; fileRef = 633A76511B5DFFF000C15C3C /* AGSpriteButton.m */; };
		63434A171B82299B00F2CDB0 /* 1_background.png in Resources */ = {isa = PBXBuildFile; fileRef = 63434A0F1B82299B00F2CDB0 /* 1_background.png */; };
		63434A181B82299B00F2CDB0 /* 2_background.png in Resources */ = {isa = PBXBuildFile; fileRef = 63434A101B82299B00F2CDB0 /* 2_background.png */; };
		63434A191B82299B00F2CDB0 /* 3_background.png in Resources */ = {isa = PBXBuildFile; fileRef = 63434A111B82299B00F2CDB0 /* 3_background.png */; };
		63434A1A1B82299B00F2CDB0 /* planet.png in Resources */ = {isa = PBXBuildFile; fileRef = 63434A121B82299B00F2CDB0 /* planet.png */; };
		63434A1B1B82299B00F2CDB0 /* satellite.png in Resources */ = {isa = PBXBuildFile; fileRef = 63434A131B82299B00F2CDB0 /* satellite.png */; };
		63434A1C1B82299B00F2CDB0 /* trash1_soju.png in Resources */ = {isa = PBXBuildFile; fileRef = 63434A141B82299B00F2CDB0 /* trash1_soju.png */; };
		63434A1D1B82299B00F2CDB0 /* trash2_milk.png in Resources */ = {isa = PBXBuildFile; fileRef = 63434A151B82299B00F2CDB0 /* trash2_milk.png */; };
		63434A1E1B82299B00F2CDB0 /* trash3_news.png in Resources */ = {isa = PBXBuildFile; fileRef = 63434A161B82299B00F2CDB0 /* trash3_news.png */; };
		638ED0DD1B687C030080A8A9 /* FontAwesome.ttf in Resources */ = {isa = PBXBuildFile; fileRef = 638ED0DC1B687C030080A8A9 /* FontAwesome.ttf */; };
		638ED0E01B687C0D0080A8A9 /* NSString+FontAwesome.m in Sources */ = {isa = PBXBuildFile; fileRef = 638ED0DF1B687C0D0080A8A9 /* NSString+FontAwesome.m */; };
		63BDC3D21B23FB0800CA99E5 /* GameScene.sks in Resources */ = {isa = PBXBuildFile; fileRef = 63BDC3D11B23FB0800CA99E5 /* GameScene.sks */; };
		63BDC3D91B23FB0800CA99E5 /* Main.storyboard in Resources */ = {isa = PBXBuildFile; fileRef = 63BDC3D71B23FB0800CA99E5 /* Main.storyboard */; };
		63BDC3DB1B23FB0800CA99E5 /* Images.xcassets in Resources */ = {isa = PBXBuildFile; fileRef = 63BDC3DA1B23FB0800CA99E5 /* Images.xcassets */; };
		63BDC3DE1B23FB0800CA99E5 /* LaunchScreen.xib in Resources */ = {isa = PBXBuildFile; fileRef = 63BDC3DC1B23FB0800CA99E5 /* LaunchScreen.xib */; };
		63D1A6701B37FD2F0062073B /* veranda_ci.png in Resources */ = {isa = PBXBuildFile; fileRef = 63D1A66F1B37FD2F0062073B /* veranda_ci.png */; };
		63DAD0321B2FF7D60082F8FE /* Satellite.m in Sources */ = {isa = PBXBuildFile; fileRef = 63DAD0311B2FF7D60082F8FE /* Satellite.m */; };
		63DAD0351B2FF8BB0082F8FE /* Planet.m in Sources */ = {isa = PBXBuildFile; fileRef = 63DAD0341B2FF8BB0082F8FE /* Planet.m */; };
		63DAD0381B2FF8CA0082F8FE /* Debris.m in Sources */ = {isa = PBXBuildFile; fileRef = 63DAD0371B2FF8CA0082F8FE /* Debris.m */; };
/* End PBXBuildFile section */

/* Begin PBXContainerItemProxy section */
		63BDC3E41B23FB0800CA99E5 /* PBXContainerItemProxy */ = {
			isa = PBXContainerItemProxy;
			containerPortal = 63BDC3C21B23FB0800CA99E5 /* Project object */;
			proxyType = 1;
			remoteGlobalIDString = 63BDC3C91B23FB0800CA99E5;
			remoteInfo = SpaceDebrisProject;
		};
/* End PBXContainerItemProxy section */

/* Begin PBXFileReference section */
		631497B31B25859D0068A0FF /* AppDelegate.h */ = {isa = PBXFileReference; fileEncoding = 4; lastKnownFileType = sourcecode.c.h; path = AppDelegate.h; sourceTree = "<group>"; };
		631497B41B25859D0068A0FF /* AppDelegate.m */ = {isa = PBXFileReference; fileEncoding = 4; lastKnownFileType = sourcecode.c.objc; path = AppDelegate.m; sourceTree = "<group>"; };
		631497B61B2585AE0068A0FF /* GameScene.h */ = {isa = PBXFileReference; fileEncoding = 4; lastKnownFileType = sourcecode.c.h; path = GameScene.h; sourceTree = "<group>"; };
		631497B71B2585AE0068A0FF /* GameScene.m */ = {isa = PBXFileReference; fileEncoding = 4; lastKnownFileType = sourcecode.c.objc; path = GameScene.m; sourceTree = "<group>"; };
		631497B91B2585BC0068A0FF /* GameViewController.h */ = {isa = PBXFileReference; fileEncoding = 4; lastKnownFileType = sourcecode.c.h; path = GameViewController.h; sourceTree = "<group>"; };
		631497BA1B2585BC0068A0FF /* GameViewController.m */ = {isa = PBXFileReference; fileEncoding = 4; lastKnownFileType = sourcecode.c.objc; path = GameViewController.m; sourceTree = "<group>"; };
		631497BC1B2586390068A0FF /* main.m */ = {isa = PBXFileReference; fileEncoding = 4; lastKnownFileType = sourcecode.c.objc; path = main.m; sourceTree = "<group>"; };
		63289F5A1B43D7D000B46457 /* MyParticle.sks */ = {isa = PBXFileReference; lastKnownFileType = file.sks; path = MyParticle.sks; sourceTree = "<group>"; };
		63289F5B1B43D7D000B46457 /* spark.png */ = {isa = PBXFileReference; lastKnownFileType = image.png; path = spark.png; sourceTree = "<group>"; };
		63298BFF1B465C7A00578911 /* SpaceDebrisProjectTests-Bridging-Header.h */ = {isa = PBXFileReference; lastKnownFileType = sourcecode.c.h; path = "SpaceDebrisProjectTests-Bridging-Header.h"; sourceTree = "<group>"; };
		63298C001B465C7A00578911 /* SpaceDebrisTests.m */ = {isa = PBXFileReference; fileEncoding = 4; lastKnownFileType = sourcecode.c.objc; path = SpaceDebrisTests.m; sourceTree = "<group>"; };
		633A76501B5DFFF000C15C3C /* AGSpriteButton.h */ = {isa = PBXFileReference; fileEncoding = 4; lastKnownFileType = sourcecode.c.h; path = AGSpriteButton.h; sourceTree = "<group>"; };
		633A76511B5DFFF000C15C3C /* AGSpriteButton.m */ = {isa = PBXFileReference; fileEncoding = 4; lastKnownFileType = sourcecode.c.objc; path = AGSpriteButton.m; sourceTree = "<group>"; };
		63434A0F1B82299B00F2CDB0 /* 1_background.png */ = {isa = PBXFileReference; lastKnownFileType = image.png; name = 1_background.png; path = Resources/1_background.png; sourceTree = "<group>"; };
		63434A101B82299B00F2CDB0 /* 2_background.png */ = {isa = PBXFileReference; lastKnownFileType = image.png; name = 2_background.png; path = Resources/2_background.png; sourceTree = "<group>"; };
		63434A111B82299B00F2CDB0 /* 3_background.png */ = {isa = PBXFileReference; lastKnownFileType = image.png; name = 3_background.png; path = Resources/3_background.png; sourceTree = "<group>"; };
		63434A121B82299B00F2CDB0 /* planet.png */ = {isa = PBXFileReference; lastKnownFileType = image.png; name = planet.png; path = Resources/planet.png; sourceTree = "<group>"; };
		63434A131B82299B00F2CDB0 /* satellite.png */ = {isa = PBXFileReference; lastKnownFileType = image.png; name = satellite.png; path = Resources/satellite.png; sourceTree = "<group>"; };
		63434A141B82299B00F2CDB0 /* trash1_soju.png */ = {isa = PBXFileReference; lastKnownFileType = image.png; name = trash1_soju.png; path = Resources/trash1_soju.png; sourceTree = "<group>"; };
		63434A151B82299B00F2CDB0 /* trash2_milk.png */ = {isa = PBXFileReference; lastKnownFileType = image.png; name = trash2_milk.png; path = Resources/trash2_milk.png; sourceTree = "<group>"; };
		63434A161B82299B00F2CDB0 /* trash3_news.png */ = {isa = PBXFileReference; lastKnownFileType = image.png; name = trash3_news.png; path = Resources/trash3_news.png; sourceTree = "<group>"; };
		638ED0DC1B687C030080A8A9 /* FontAwesome.ttf */ = {isa = PBXFileReference; lastKnownFileType = file; path = FontAwesome.ttf; sourceTree = "<group>"; };
		638ED0DE1B687C0D0080A8A9 /* NSString+FontAwesome.h */ = {isa = PBXFileReference; fileEncoding = 4; lastKnownFileType = sourcecode.c.h; path = "NSString+FontAwesome.h"; sourceTree = "<group>"; };
		638ED0DF1B687C0D0080A8A9 /* NSString+FontAwesome.m */ = {isa = PBXFileReference; fileEncoding = 4; lastKnownFileType = sourcecode.c.objc; path = "NSString+FontAwesome.m"; sourceTree = "<group>"; };
		63BDC3CA1B23FB0800CA99E5 /* SpaceDebrisProject.app */ = {isa = PBXFileReference; explicitFileType = wrapper.application; includeInIndex = 0; path = SpaceDebrisProject.app; sourceTree = BUILT_PRODUCTS_DIR; };
		63BDC3CE1B23FB0800CA99E5 /* Info.plist */ = {isa = PBXFileReference; lastKnownFileType = text.plist.xml; path = Info.plist; sourceTree = "<group>"; };
		63BDC3D11B23FB0800CA99E5 /* GameScene.sks */ = {isa = PBXFileReference; lastKnownFileType = file.sks; path = GameScene.sks; sourceTree = "<group>"; };
		63BDC3D81B23FB0800CA99E5 /* Base */ = {isa = PBXFileReference; lastKnownFileType = file.storyboard; name = Base; path = Base.lproj/Main.storyboard; sourceTree = "<group>"; };
		63BDC3DA1B23FB0800CA99E5 /* Images.xcassets */ = {isa = PBXFileReference; lastKnownFileType = folder.assetcatalog; path = Images.xcassets; sourceTree = "<group>"; };
		63BDC3DD1B23FB0800CA99E5 /* Base */ = {isa = PBXFileReference; lastKnownFileType = file.xib; name = Base; path = Base.lproj/LaunchScreen.xib; sourceTree = "<group>"; };
		63BDC3E31B23FB0800CA99E5 /* SpaceDebrisProjectTests.xctest */ = {isa = PBXFileReference; explicitFileType = wrapper.cfbundle; includeInIndex = 0; path = SpaceDebrisProjectTests.xctest; sourceTree = BUILT_PRODUCTS_DIR; };
		63BDC3E81B23FB0800CA99E5 /* Info.plist */ = {isa = PBXFileReference; lastKnownFileType = text.plist.xml; path = Info.plist; sourceTree = "<group>"; };
		63D1A66F1B37FD2F0062073B /* veranda_ci.png */ = {isa = PBXFileReference; lastKnownFileType = image.png; path = veranda_ci.png; sourceTree = "<group>"; };
		63D1A6711B3AA7580062073B /* MyNode.h */ = {isa = PBXFileReference; lastKnownFileType = sourcecode.c.h; path = MyNode.h; sourceTree = "<group>"; };
		63D1A6721B3BD8820062073B /* MyConst.h */ = {isa = PBXFileReference; lastKnownFileType = sourcecode.c.h; path = MyConst.h; sourceTree = "<group>"; };
		63DAD0301B2FF7D60082F8FE /* Satellite.h */ = {isa = PBXFileReference; fileEncoding = 4; lastKnownFileType = sourcecode.c.h; path = Satellite.h; sourceTree = "<group>"; };
		63DAD0311B2FF7D60082F8FE /* Satellite.m */ = {isa = PBXFileReference; fileEncoding = 4; lastKnownFileType = sourcecode.c.objc; path = Satellite.m; sourceTree = "<group>"; };
		63DAD0331B2FF8BB0082F8FE /* Planet.h */ = {isa = PBXFileReference; fileEncoding = 4; lastKnownFileType = sourcecode.c.h; path = Planet.h; sourceTree = "<group>"; };
		63DAD0341B2FF8BB0082F8FE /* Planet.m */ = {isa = PBXFileReference; fileEncoding = 4; lastKnownFileType = sourcecode.c.objc; path = Planet.m; sourceTree = "<group>"; };
		63DAD0361B2FF8CA0082F8FE /* Debris.h */ = {isa = PBXFileReference; fileEncoding = 4; lastKnownFileType = sourcecode.c.h; path = Debris.h; sourceTree = "<group>"; };
		63DAD0371B2FF8CA0082F8FE /* Debris.m */ = {isa = PBXFileReference; fileEncoding = 4; lastKnownFileType = sourcecode.c.objc; path = Debris.m; sourceTree = "<group>"; };
/* End PBXFileReference section */

/* Begin PBXFrameworksBuildPhase section */
		63BDC3C71B23FB0800CA99E5 /* Frameworks */ = {
			isa = PBXFrameworksBuildPhase;
			buildActionMask = 2147483647;
			files = (
			);
			runOnlyForDeploymentPostprocessing = 0;
		};
		63BDC3E01B23FB0800CA99E5 /* Frameworks */ = {
			isa = PBXFrameworksBuildPhase;
			buildActionMask = 2147483647;
			files = (
			);
			runOnlyForDeploymentPostprocessing = 0;
		};
/* End PBXFrameworksBuildPhase section */

/* Begin PBXGroup section */
		6314976F1B2550AA0068A0FF /* Model */ = {
			isa = PBXGroup;
			children = (
				63DAD0301B2FF7D60082F8FE /* Satellite.h */,
				63DAD0311B2FF7D60082F8FE /* Satellite.m */,
				63DAD0331B2FF8BB0082F8FE /* Planet.h */,
				63DAD0341B2FF8BB0082F8FE /* Planet.m */,
				63DAD0361B2FF8CA0082F8FE /* Debris.h */,
				63DAD0371B2FF8CA0082F8FE /* Debris.m */,
				63D1A6711B3AA7580062073B /* MyNode.h */,
				63D1A6721B3BD8820062073B /* MyConst.h */,
			);
			name = Model;
			sourceTree = "<group>";
		};
		63BDC3C11B23FB0800CA99E5 = {
			isa = PBXGroup;
			children = (
				63BDC3CC1B23FB0800CA99E5 /* SpaceDebrisProject */,
				63BDC3E61B23FB0800CA99E5 /* SpaceDebrisProjectTests */,
				63BDC3CB1B23FB0800CA99E5 /* Products */,
			);
			sourceTree = "<group>";
		};
		63BDC3CB1B23FB0800CA99E5 /* Products */ = {
			isa = PBXGroup;
			children = (
				63BDC3CA1B23FB0800CA99E5 /* SpaceDebrisProject.app */,
				63BDC3E31B23FB0800CA99E5 /* SpaceDebrisProjectTests.xctest */,
			);
			name = Products;
			sourceTree = "<group>";
		};
		63BDC3CC1B23FB0800CA99E5 /* SpaceDebrisProject */ = {
			isa = PBXGroup;
			children = (
				63D1A66E1B37FD230062073B /* Resources */,
				6314976F1B2550AA0068A0FF /* Model */,
				631497B31B25859D0068A0FF /* AppDelegate.h */,
				631497B41B25859D0068A0FF /* AppDelegate.m */,
				638ED0DE1B687C0D0080A8A9 /* NSString+FontAwesome.h */,
				638ED0DF1B687C0D0080A8A9 /* NSString+FontAwesome.m */,
				633A76501B5DFFF000C15C3C /* AGSpriteButton.h */,
				633A76511B5DFFF000C15C3C /* AGSpriteButton.m */,
				631497B61B2585AE0068A0FF /* GameScene.h */,
				631497B71B2585AE0068A0FF /* GameScene.m */,
				63BDC3D11B23FB0800CA99E5 /* GameScene.sks */,
				63289F5A1B43D7D000B46457 /* MyParticle.sks */,
				631497B91B2585BC0068A0FF /* GameViewController.h */,
				631497BA1B2585BC0068A0FF /* GameViewController.m */,
				63BDC3D71B23FB0800CA99E5 /* Main.storyboard */,
				63BDC3DA1B23FB0800CA99E5 /* Images.xcassets */,
				63BDC3DC1B23FB0800CA99E5 /* LaunchScreen.xib */,
				63BDC3CD1B23FB0800CA99E5 /* Supporting Files */,
			);
			path = SpaceDebrisProject;
			sourceTree = "<group>";
		};
		63BDC3CD1B23FB0800CA99E5 /* Supporting Files */ = {
			isa = PBXGroup;
			children = (
				63BDC3CE1B23FB0800CA99E5 /* Info.plist */,
				631497BC1B2586390068A0FF /* main.m */,
			);
			name = "Supporting Files";
			sourceTree = "<group>";
		};
		63BDC3E61B23FB0800CA99E5 /* SpaceDebrisProjectTests */ = {
			isa = PBXGroup;
			children = (
				63BDC3E71B23FB0800CA99E5 /* Supporting Files */,
				63298C001B465C7A00578911 /* SpaceDebrisTests.m */,
				63298BFF1B465C7A00578911 /* SpaceDebrisProjectTests-Bridging-Header.h */,
			);
			path = SpaceDebrisProjectTests;
			sourceTree = "<group>";
		};
		63BDC3E71B23FB0800CA99E5 /* Supporting Files */ = {
			isa = PBXGroup;
			children = (
				63BDC3E81B23FB0800CA99E5 /* Info.plist */,
			);
			name = "Supporting Files";
			sourceTree = "<group>";
		};
		63D1A66E1B37FD230062073B /* Resources */ = {
			isa = PBXGroup;
			children = (
				63434A0F1B82299B00F2CDB0 /* 1_background.png */,
				63434A101B82299B00F2CDB0 /* 2_background.png */,
				63434A111B82299B00F2CDB0 /* 3_background.png */,
				63434A121B82299B00F2CDB0 /* planet.png */,
				63434A131B82299B00F2CDB0 /* satellite.png */,
				63434A141B82299B00F2CDB0 /* trash1_soju.png */,
				63434A151B82299B00F2CDB0 /* trash2_milk.png */,
				63434A161B82299B00F2CDB0 /* trash3_news.png */,
				63D1A66F1B37FD2F0062073B /* veranda_ci.png */,
				638ED0DC1B687C030080A8A9 /* FontAwesome.ttf */,
				63289F5B1B43D7D000B46457 /* spark.png */,
			);
			name = Resources;
			sourceTree = "<group>";
		};
/* End PBXGroup section */

/* Begin PBXNativeTarget section */
		63BDC3C91B23FB0800CA99E5 /* SpaceDebrisProject */ = {
			isa = PBXNativeTarget;
			buildConfigurationList = 63BDC3ED1B23FB0800CA99E5 /* Build configuration list for PBXNativeTarget "SpaceDebrisProject" */;
			buildPhases = (
				63BDC3C61B23FB0800CA99E5 /* Sources */,
				63BDC3C71B23FB0800CA99E5 /* Frameworks */,
				63BDC3C81B23FB0800CA99E5 /* Resources */,
			);
			buildRules = (
			);
			dependencies = (
			);
			name = SpaceDebrisProject;
			productName = SpaceDebrisProject;
			productReference = 63BDC3CA1B23FB0800CA99E5 /* SpaceDebrisProject.app */;
			productType = "com.apple.product-type.application";
		};
		63BDC3E21B23FB0800CA99E5 /* SpaceDebrisProjectTests */ = {
			isa = PBXNativeTarget;
			buildConfigurationList = 63BDC3F01B23FB0800CA99E5 /* Build configuration list for PBXNativeTarget "SpaceDebrisProjectTests" */;
			buildPhases = (
				63BDC3DF1B23FB0800CA99E5 /* Sources */,
				63BDC3E01B23FB0800CA99E5 /* Frameworks */,
				63BDC3E11B23FB0800CA99E5 /* Resources */,
			);
			buildRules = (
			);
			dependencies = (
				63BDC3E51B23FB0800CA99E5 /* PBXTargetDependency */,
			);
			name = SpaceDebrisProjectTests;
			productName = SpaceDebrisProjectTests;
			productReference = 63BDC3E31B23FB0800CA99E5 /* SpaceDebrisProjectTests.xctest */;
			productType = "com.apple.product-type.bundle.unit-test";
		};
/* End PBXNativeTarget section */

/* Begin PBXProject section */
		63BDC3C21B23FB0800CA99E5 /* Project object */ = {
			isa = PBXProject;
			attributes = {
				LastUpgradeCheck = 0630;
				ORGANIZATIONNAME = LeeSangchan;
				TargetAttributes = {
					63BDC3C91B23FB0800CA99E5 = {
						CreatedOnToolsVersion = 6.3.2;
						DevelopmentTeam = CBUJK8CFZ3;
					};
					63BDC3E21B23FB0800CA99E5 = {
						CreatedOnToolsVersion = 6.3.2;
						TestTargetID = 63BDC3C91B23FB0800CA99E5;
					};
				};
			};
			buildConfigurationList = 63BDC3C51B23FB0800CA99E5 /* Build configuration list for PBXProject "SpaceDebrisProject" */;
			compatibilityVersion = "Xcode 3.2";
			developmentRegion = English;
			hasScannedForEncodings = 0;
			knownRegions = (
				en,
				Base,
			);
			mainGroup = 63BDC3C11B23FB0800CA99E5;
			productRefGroup = 63BDC3CB1B23FB0800CA99E5 /* Products */;
			projectDirPath = "";
			projectRoot = "";
			targets = (
				63BDC3C91B23FB0800CA99E5 /* SpaceDebrisProject */,
				63BDC3E21B23FB0800CA99E5 /* SpaceDebrisProjectTests */,
			);
		};
/* End PBXProject section */

/* Begin PBXResourcesBuildPhase section */
		63BDC3C81B23FB0800CA99E5 /* Resources */ = {
			isa = PBXResourcesBuildPhase;
			buildActionMask = 2147483647;
			files = (
				63434A171B82299B00F2CDB0 /* 1_background.png in Resources */,
				63BDC3DE1B23FB0800CA99E5 /* LaunchScreen.xib in Resources */,
				63289F5C1B43D7D000B46457 /* MyParticle.sks in Resources */,
				63434A1E1B82299B00F2CDB0 /* trash3_news.png in Resources */,
				63434A1D1B82299B00F2CDB0 /* trash2_milk.png in Resources */,
				63BDC3DB1B23FB0800CA99E5 /* Images.xcassets in Resources */,
				638ED0DD1B687C030080A8A9 /* FontAwesome.ttf in Resources */,
				63289F5D1B43D7D000B46457 /* spark.png in Resources */,
				63434A191B82299B00F2CDB0 /* 3_background.png in Resources */,
				63434A181B82299B00F2CDB0 /* 2_background.png in Resources */,
				63BDC3D21B23FB0800CA99E5 /* GameScene.sks in Resources */,
				63434A1A1B82299B00F2CDB0 /* planet.png in Resources */,
				63BDC3D91B23FB0800CA99E5 /* Main.storyboard in Resources */,
				63434A1B1B82299B00F2CDB0 /* satellite.png in Resources */,
				63D1A6701B37FD2F0062073B /* veranda_ci.png in Resources */,
				63434A1C1B82299B00F2CDB0 /* trash1_soju.png in Resources */,
			);
			runOnlyForDeploymentPostprocessing = 0;
		};
		63BDC3E11B23FB0800CA99E5 /* Resources */ = {
			isa = PBXResourcesBuildPhase;
			buildActionMask = 2147483647;
			files = (
			);
			runOnlyForDeploymentPostprocessing = 0;
		};
/* End PBXResourcesBuildPhase section */

/* Begin PBXSourcesBuildPhase section */
		63BDC3C61B23FB0800CA99E5 /* Sources */ = {
			isa = PBXSourcesBuildPhase;
			buildActionMask = 2147483647;
			files = (
				631497BB1B2585BC0068A0FF /* GameViewController.m in Sources */,
				631497B51B25859D0068A0FF /* AppDelegate.m in Sources */,
				638ED0E01B687C0D0080A8A9 /* NSString+FontAwesome.m in Sources */,
				63DAD0321B2FF7D60082F8FE /* Satellite.m in Sources */,
				63DAD0381B2FF8CA0082F8FE /* Debris.m in Sources */,
				631497BD1B2586390068A0FF /* main.m in Sources */,
				631497B81B2585AE0068A0FF /* GameScene.m in Sources */,
				633A76521B5DFFF000C15C3C /* AGSpriteButton.m in Sources */,
				63DAD0351B2FF8BB0082F8FE /* Planet.m in Sources */,
			);
			runOnlyForDeploymentPostprocessing = 0;
		};
		63BDC3DF1B23FB0800CA99E5 /* Sources */ = {
			isa = PBXSourcesBuildPhase;
			buildActionMask = 2147483647;
			files = (
				63298C011B465C7A00578911 /* SpaceDebrisTests.m in Sources */,
			);
			runOnlyForDeploymentPostprocessing = 0;
		};
/* End PBXSourcesBuildPhase section */

/* Begin PBXTargetDependency section */
		63BDC3E51B23FB0800CA99E5 /* PBXTargetDependency */ = {
			isa = PBXTargetDependency;
			target = 63BDC3C91B23FB0800CA99E5 /* SpaceDebrisProject */;
			targetProxy = 63BDC3E41B23FB0800CA99E5 /* PBXContainerItemProxy */;
		};
/* End PBXTargetDependency section */

/* Begin PBXVariantGroup section */
		63BDC3D71B23FB0800CA99E5 /* Main.storyboard */ = {
			isa = PBXVariantGroup;
			children = (
				63BDC3D81B23FB0800CA99E5 /* Base */,
			);
			name = Main.storyboard;
			sourceTree = "<group>";
		};
		63BDC3DC1B23FB0800CA99E5 /* LaunchScreen.xib */ = {
			isa = PBXVariantGroup;
			children = (
				63BDC3DD1B23FB0800CA99E5 /* Base */,
			);
			name = LaunchScreen.xib;
			sourceTree = "<group>";
		};
/* End PBXVariantGroup section */

/* Begin XCBuildConfiguration section */
		63BDC3EB1B23FB0800CA99E5 /* Debug */ = {
			isa = XCBuildConfiguration;
			buildSettings = {
				ALWAYS_SEARCH_USER_PATHS = NO;
				CLANG_CXX_LANGUAGE_STANDARD = "gnu++0x";
				CLANG_CXX_LIBRARY = "libc++";
				CLANG_ENABLE_MODULES = YES;
				CLANG_ENABLE_OBJC_ARC = YES;
				CLANG_WARN_BOOL_CONVERSION = YES;
				CLANG_WARN_CONSTANT_CONVERSION = YES;
				CLANG_WARN_DIRECT_OBJC_ISA_USAGE = YES_ERROR;
				CLANG_WARN_EMPTY_BODY = YES;
				CLANG_WARN_ENUM_CONVERSION = YES;
				CLANG_WARN_INT_CONVERSION = YES;
				CLANG_WARN_OBJC_ROOT_CLASS = YES_ERROR;
				CLANG_WARN_UNREACHABLE_CODE = YES;
				CLANG_WARN__DUPLICATE_METHOD_MATCH = YES;
				"CODE_SIGN_IDENTITY[sdk=iphoneos*]" = "iPhone Developer";
				COPY_PHASE_STRIP = NO;
				DEBUG_INFORMATION_FORMAT = "dwarf-with-dsym";
				ENABLE_STRICT_OBJC_MSGSEND = YES;
				GCC_C_LANGUAGE_STANDARD = gnu99;
				GCC_DYNAMIC_NO_PIC = NO;
				GCC_NO_COMMON_BLOCKS = YES;
				GCC_OPTIMIZATION_LEVEL = 0;
				GCC_PREPROCESSOR_DEFINITIONS = (
					"DEBUG=1",
					"$(inherited)",
				);
				GCC_SYMBOLS_PRIVATE_EXTERN = NO;
				GCC_WARN_64_TO_32_BIT_CONVERSION = YES;
				GCC_WARN_ABOUT_RETURN_TYPE = YES_ERROR;
				GCC_WARN_UNDECLARED_SELECTOR = YES;
				GCC_WARN_UNINITIALIZED_AUTOS = YES_AGGRESSIVE;
				GCC_WARN_UNUSED_FUNCTION = YES;
				GCC_WARN_UNUSED_VARIABLE = YES;
				IPHONEOS_DEPLOYMENT_TARGET = 8.0;
				MTL_ENABLE_DEBUG_INFO = YES;
				ONLY_ACTIVE_ARCH = YES;
				SDKROOT = iphoneos;
				SWIFT_OPTIMIZATION_LEVEL = "-Onone";
				TARGETED_DEVICE_FAMILY = "1,2";
			};
			name = Debug;
		};
		63BDC3EC1B23FB0800CA99E5 /* Release */ = {
			isa = XCBuildConfiguration;
			buildSettings = {
				ALWAYS_SEARCH_USER_PATHS = NO;
				CLANG_CXX_LANGUAGE_STANDARD = "gnu++0x";
				CLANG_CXX_LIBRARY = "libc++";
				CLANG_ENABLE_MODULES = YES;
				CLANG_ENABLE_OBJC_ARC = YES;
				CLANG_WARN_BOOL_CONVERSION = YES;
				CLANG_WARN_CONSTANT_CONVERSION = YES;
				CLANG_WARN_DIRECT_OBJC_ISA_USAGE = YES_ERROR;
				CLANG_WARN_EMPTY_BODY = YES;
				CLANG_WARN_ENUM_CONVERSION = YES;
				CLANG_WARN_INT_CONVERSION = YES;
				CLANG_WARN_OBJC_ROOT_CLASS = YES_ERROR;
				CLANG_WARN_UNREACHABLE_CODE = YES;
				CLANG_WARN__DUPLICATE_METHOD_MATCH = YES;
				"CODE_SIGN_IDENTITY[sdk=iphoneos*]" = "iPhone Developer";
				COPY_PHASE_STRIP = NO;
				DEBUG_INFORMATION_FORMAT = "dwarf-with-dsym";
				ENABLE_NS_ASSERTIONS = NO;
				ENABLE_STRICT_OBJC_MSGSEND = YES;
				GCC_C_LANGUAGE_STANDARD = gnu99;
				GCC_NO_COMMON_BLOCKS = YES;
				GCC_WARN_64_TO_32_BIT_CONVERSION = YES;
				GCC_WARN_ABOUT_RETURN_TYPE = YES_ERROR;
				GCC_WARN_UNDECLARED_SELECTOR = YES;
				GCC_WARN_UNINITIALIZED_AUTOS = YES_AGGRESSIVE;
				GCC_WARN_UNUSED_FUNCTION = YES;
				GCC_WARN_UNUSED_VARIABLE = YES;
				IPHONEOS_DEPLOYMENT_TARGET = 8.0;
				MTL_ENABLE_DEBUG_INFO = NO;
				SDKROOT = iphoneos;
				TARGETED_DEVICE_FAMILY = "1,2";
				VALIDATE_PRODUCT = YES;
			};
			name = Release;
		};
		63BDC3EE1B23FB0800CA99E5 /* Debug */ = {
			isa = XCBuildConfiguration;
			buildSettings = {
				ASSETCATALOG_COMPILER_APPICON_NAME = AppIcon;
				CLANG_ENABLE_MODULES = YES;
				CODE_SIGN_IDENTITY = "iPhone Developer";
				GCC_GENERATE_TEST_COVERAGE_FILES = YES;
				GCC_INSTRUMENT_PROGRAM_FLOW_ARCS = YES;
				INFOPLIST_FILE = SpaceDebrisProject/Info.plist;
				IPHONEOS_DEPLOYMENT_TARGET = 8.0;
				LD_RUNPATH_SEARCH_PATHS = "$(inherited) @executable_path/Frameworks";
				PRODUCT_NAME = "$(TARGET_NAME)";
				SWIFT_OBJC_BRIDGING_HEADER = "SpaceDebrisProject/SpaceDebrisProject-Bridging-Header.h";
				SWIFT_OPTIMIZATION_LEVEL = "-Onone";
				TARGETED_DEVICE_FAMILY = "1,2";
			};
			name = Debug;
		};
		63BDC3EF1B23FB0800CA99E5 /* Release */ = {
			isa = XCBuildConfiguration;
			buildSettings = {
				ASSETCATALOG_COMPILER_APPICON_NAME = AppIcon;
				CLANG_ENABLE_MODULES = YES;
				CODE_SIGN_IDENTITY = "iPhone Developer";
				INFOPLIST_FILE = SpaceDebrisProject/Info.plist;
				IPHONEOS_DEPLOYMENT_TARGET = 8.0;
				LD_RUNPATH_SEARCH_PATHS = "$(inherited) @executable_path/Frameworks";
				PRODUCT_NAME = "$(TARGET_NAME)";
				SWIFT_OBJC_BRIDGING_HEADER = "SpaceDebrisProject/SpaceDebrisProject-Bridging-Header.h";
				TARGETED_DEVICE_FAMILY = "1,2";
			};
			name = Release;
		};
		63BDC3F11B23FB0800CA99E5 /* Debug */ = {
			isa = XCBuildConfiguration;
			buildSettings = {
				BUNDLE_LOADER = "$(TEST_HOST)";
				CLANG_ENABLE_MODULES = YES;
				FRAMEWORK_SEARCH_PATHS = (
					"$(SDKROOT)/Developer/Library/Frameworks",
					"$(inherited)",
				);
				GCC_PREPROCESSOR_DEFINITIONS = (
					"DEBUG=1",
					"$(inherited)",
				);
				INFOPLIST_FILE = SpaceDebrisProjectTests/Info.plist;
				LD_RUNPATH_SEARCH_PATHS = "$(inherited) @executable_path/Frameworks @loader_path/Frameworks";
				PRODUCT_NAME = "$(TARGET_NAME)";
				SWIFT_OBJC_BRIDGING_HEADER = "SpaceDebrisProjectTests/SpaceDebrisProjectTests-Bridging-Header.h";
				SWIFT_OPTIMIZATION_LEVEL = "-Onone";
				TEST_HOST = "$(BUILT_PRODUCTS_DIR)/SpaceDebrisProject.app/SpaceDebrisProject";
			};
			name = Debug;
		};
		63BDC3F21B23FB0800CA99E5 /* Release */ = {
			isa = XCBuildConfiguration;
			buildSettings = {
				BUNDLE_LOADER = "$(TEST_HOST)";
				CLANG_ENABLE_MODULES = YES;
				FRAMEWORK_SEARCH_PATHS = (
					"$(SDKROOT)/Developer/Library/Frameworks",
					"$(inherited)",
				);
				INFOPLIST_FILE = SpaceDebrisProjectTests/Info.plist;
				LD_RUNPATH_SEARCH_PATHS = "$(inherited) @executable_path/Frameworks @loader_path/Frameworks";
				PRODUCT_NAME = "$(TARGET_NAME)";
				SWIFT_OBJC_BRIDGING_HEADER = "SpaceDebrisProjectTests/SpaceDebrisProjectTests-Bridging-Header.h";
				TEST_HOST = "$(BUILT_PRODUCTS_DIR)/SpaceDebrisProject.app/SpaceDebrisProject";
			};
			name = Release;
		};
/* End XCBuildConfiguration section */

/* Begin XCConfigurationList section */
		63BDC3C51B23FB0800CA99E5 /* Build configuration list for PBXProject "SpaceDebrisProject" */ = {
			isa = XCConfigurationList;
			buildConfigurations = (
				63BDC3EB1B23FB0800CA99E5 /* Debug */,
				63BDC3EC1B23FB0800CA99E5 /* Release */,
			);
			defaultConfigurationIsVisible = 0;
			defaultConfigurationName = Release;
		};
		63BDC3ED1B23FB0800CA99E5 /* Build configuration list for PBXNativeTarget "SpaceDebrisProject" */ = {
			isa = XCConfigurationList;
			buildConfigurations = (
				63BDC3EE1B23FB0800CA99E5 /* Debug */,
				63BDC3EF1B23FB0800CA99E5 /* Release */,
			);
			defaultConfigurationIsVisible = 0;
			defaultConfigurationName = Release;
		};
		63BDC3F01B23FB0800CA99E5 /* Build configuration list for PBXNativeTarget "SpaceDebrisProjectTests" */ = {
			isa = XCConfigurationList;
			buildConfigurations = (
				63BDC3F11B23FB0800CA99E5 /* Debug */,
				63BDC3F21B23FB0800CA99E5 /* Release */,
			);
			defaultConfigurationIsVisible = 0;
			defaultConfigurationName = Release;
		};
/* End XCConfigurationList section */
	};
	rootObject = 63BDC3C21B23FB0800CA99E5 /* Project object */;
}
